
Microsoft Visual Studio Solution File, Format Version 12.00
# Visual Studio Version 17
VisualStudioVersion = 17.4.33403.182
MinimumVisualStudioVersion = 10.0.40219.1
Project("{FAE04EC0-301F-11D3-BF4B-00C04F79EFBC}") = "semana 1 recursivo", "semana 1 recursivo\semana 1 recursivo.csproj", "{7EAE0E3B-AEF1-45BB-86B1-F493295FE8B6}"
EndProject
Global
	GlobalSection(SolutionConfigurationPlatforms) = preSolution
		Debug|Any CPU = Debug|Any CPU
		Release|Any CPU = Release|Any CPU
	EndGlobalSection
	GlobalSection(ProjectConfigurationPlatforms) = postSolution
		{7EAE0E3B-AEF1-45BB-86B1-F493295FE8B6}.Debug|Any CPU.ActiveCfg = Debug|Any CPU
		{7EAE0E3B-AEF1-45BB-86B1-F493295FE8B6}.Debug|Any CPU.Build.0 = Debug|Any CPU
		{7EAE0E3B-AEF1-45BB-86B1-F493295FE8B6}.Release|Any CPU.ActiveCfg = Release|Any CPU
		{7EAE0E3B-AEF1-45BB-86B1-F493295FE8B6}.Release|Any CPU.Build.0 = Release|Any CPU
	EndGlobalSection
	GlobalSection(SolutionProperties) = preSolution
		HideSolutionNode = FALSE
	EndGlobalSection
	GlobalSection(ExtensibilityGlobals) = postSolution
		SolutionGuid = {0AD6A5EF-9A4B-4FC4-B4C9-BF6507D33F43}
	EndGlobalSection
EndGlobal
