
Microsoft Visual Studio Solution File, Format Version 12.00
# Visual Studio Version 17
VisualStudioVersion = 17.4.33403.182
MinimumVisualStudioVersion = 10.0.40219.1
Project("{FAE04EC0-301F-11D3-BF4B-00C04F79EFBC}") = "semana 1 iterativo", "semana 1 iterativo\semana 1 iterativo.csproj", "{A5F788A4-FD29-4223-A20B-17AA0348E560}"
EndProject
Global
	GlobalSection(SolutionConfigurationPlatforms) = preSolution
		Debug|Any CPU = Debug|Any CPU
		Release|Any CPU = Release|Any CPU
	EndGlobalSection
	GlobalSection(ProjectConfigurationPlatforms) = postSolution
		{A5F788A4-FD29-4223-A20B-17AA0348E560}.Debug|Any CPU.ActiveCfg = Debug|Any CPU
		{A5F788A4-FD29-4223-A20B-17AA0348E560}.Debug|Any CPU.Build.0 = Debug|Any CPU
		{A5F788A4-FD29-4223-A20B-17AA0348E560}.Release|Any CPU.ActiveCfg = Release|Any CPU
		{A5F788A4-FD29-4223-A20B-17AA0348E560}.Release|Any CPU.Build.0 = Release|Any CPU
	EndGlobalSection
	GlobalSection(SolutionProperties) = preSolution
		HideSolutionNode = FALSE
	EndGlobalSection
	GlobalSection(ExtensibilityGlobals) = postSolution
		SolutionGuid = {24251323-74B2-471D-9468-0C30C7BC4CE9}
	EndGlobalSection
EndGlobal
